
Microsoft Visual Studio Solution File, Format Version 12.00
# Visual Studio Version 16
VisualStudioVersion = 16.0.29411.108
MinimumVisualStudioVersion = 10.0.40219.1
Project("{FAE04EC0-301F-11D3-BF4B-00C04F79EFBC}") = "RestSharpAPIScraper", "RestSharpAPIScraper\RestSharpAPIScraper.csproj", "{C1F99772-B251-4BDB-BD4D-70DD0A115653}"
EndProject
Global
	GlobalSection(SolutionConfigurationPlatforms) = preSolution
		Debug|Any CPU = Debug|Any CPU
		Release|Any CPU = Release|Any CPU
	EndGlobalSection
	GlobalSection(ProjectConfigurationPlatforms) = postSolution
		{C1F99772-B251-4BDB-BD4D-70DD0A115653}.Debug|Any CPU.ActiveCfg = Debug|Any CPU
		{C1F99772-B251-4BDB-BD4D-70DD0A115653}.Debug|Any CPU.Build.0 = Debug|Any CPU
		{C1F99772-B251-4BDB-BD4D-70DD0A115653}.Release|Any CPU.ActiveCfg = Release|Any CPU
		{C1F99772-B251-4BDB-BD4D-70DD0A115653}.Release|Any CPU.Build.0 = Release|Any CPU
	EndGlobalSection
	GlobalSection(SolutionProperties) = preSolution
		HideSolutionNode = FALSE
	EndGlobalSection
	GlobalSection(ExtensibilityGlobals) = postSolution
		SolutionGuid = {7DCFD925-019D-4380-B656-3F0557B4415F}
	EndGlobalSection
EndGlobal
